
Microsoft Visual Studio Solution File, Format Version 12.00
# Visual Studio 15
Project("{FAE04EC0-301F-11D3-BF4B-00C04F79EFBC}") = "XamQuiz.Android", "XamQuiz.Android\XamQuiz.Android.csproj", "{80A635F6-6594-42D8-8BF8-AAB87B45CCFA}"
EndProject
Project("{FAE04EC0-301F-11D3-BF4B-00C04F79EFBC}") = "XamQuiz.iOS", "XamQuiz.iOS\XamQuiz.iOS.csproj", "{3651251C-5BE3-49D5-ACE3-9923CC36F44B}"
EndProject
Project("{FAE04EC0-301F-11D3-BF4B-00C04F79EFBC}") = "XamQuiz", "XamQuiz\XamQuiz.csproj", "{90C4B947-948A-4416-9829-C3CFD9BA530B}"
EndProject
Global
	GlobalSection(SolutionConfigurationPlatforms) = preSolution
		Debug|Any CPU = Debug|Any CPU
		Release|Any CPU = Release|Any CPU
		Debug|iPhoneSimulator = Debug|iPhoneSimulator
		Release|iPhoneSimulator = Release|iPhoneSimulator
		Debug|iPhone = Debug|iPhone
		Release|iPhone = Release|iPhone
		Ad-Hoc|iPhone = Ad-Hoc|iPhone
		AppStore|iPhone = AppStore|iPhone
	EndGlobalSection
	GlobalSection(ProjectConfigurationPlatforms) = postSolution
		{80A635F6-6594-42D8-8BF8-AAB87B45CCFA}.Debug|Any CPU.ActiveCfg = Debug|Any CPU
		{80A635F6-6594-42D8-8BF8-AAB87B45CCFA}.Debug|Any CPU.Build.0 = Debug|Any CPU
		{80A635F6-6594-42D8-8BF8-AAB87B45CCFA}.Release|Any CPU.ActiveCfg = Release|Any CPU
		{80A635F6-6594-42D8-8BF8-AAB87B45CCFA}.Release|Any CPU.Build.0 = Release|Any CPU
		{80A635F6-6594-42D8-8BF8-AAB87B45CCFA}.Debug|iPhoneSimulator.ActiveCfg = Debug|Any CPU
		{80A635F6-6594-42D8-8BF8-AAB87B45CCFA}.Debug|iPhoneSimulator.Build.0 = Debug|Any CPU
		{80A635F6-6594-42D8-8BF8-AAB87B45CCFA}.Release|iPhoneSimulator.ActiveCfg = Release|Any CPU
		{80A635F6-6594-42D8-8BF8-AAB87B45CCFA}.Release|iPhoneSimulator.Build.0 = Release|Any CPU
		{80A635F6-6594-42D8-8BF8-AAB87B45CCFA}.Debug|iPhone.ActiveCfg = Debug|Any CPU
		{80A635F6-6594-42D8-8BF8-AAB87B45CCFA}.Debug|iPhone.Build.0 = Debug|Any CPU
		{80A635F6-6594-42D8-8BF8-AAB87B45CCFA}.Release|iPhone.ActiveCfg = Release|Any CPU
		{80A635F6-6594-42D8-8BF8-AAB87B45CCFA}.Release|iPhone.Build.0 = Release|Any CPU
		{80A635F6-6594-42D8-8BF8-AAB87B45CCFA}.Ad-Hoc|iPhone.ActiveCfg = Debug|Any CPU
		{80A635F6-6594-42D8-8BF8-AAB87B45CCFA}.Ad-Hoc|iPhone.Build.0 = Debug|Any CPU
		{80A635F6-6594-42D8-8BF8-AAB87B45CCFA}.AppStore|iPhone.ActiveCfg = Debug|Any CPU
		{80A635F6-6594-42D8-8BF8-AAB87B45CCFA}.AppStore|iPhone.Build.0 = Debug|Any CPU
		{3651251C-5BE3-49D5-ACE3-9923CC36F44B}.Debug|Any CPU.ActiveCfg = Debug|iPhoneSimulator
		{3651251C-5BE3-49D5-ACE3-9923CC36F44B}.Debug|Any CPU.Build.0 = Debug|iPhoneSimulator
		{3651251C-5BE3-49D5-ACE3-9923CC36F44B}.Release|Any CPU.ActiveCfg = Release|iPhoneSimulator
		{3651251C-5BE3-49D5-ACE3-9923CC36F44B}.Release|Any CPU.Build.0 = Release|iPhoneSimulator
		{3651251C-5BE3-49D5-ACE3-9923CC36F44B}.Debug|iPhoneSimulator.ActiveCfg = Debug|iPhoneSimulator
		{3651251C-5BE3-49D5-ACE3-9923CC36F44B}.Debug|iPhoneSimulator.Build.0 = Debug|iPhoneSimulator
		{3651251C-5BE3-49D5-ACE3-9923CC36F44B}.Release|iPhoneSimulator.ActiveCfg = Release|iPhoneSimulator
		{3651251C-5BE3-49D5-ACE3-9923CC36F44B}.Release|iPhoneSimulator.Build.0 = Release|iPhoneSimulator
		{3651251C-5BE3-49D5-ACE3-9923CC36F44B}.Debug|iPhone.ActiveCfg = Debug|iPhone
		{3651251C-5BE3-49D5-ACE3-9923CC36F44B}.Debug|iPhone.Build.0 = Debug|iPhone
		{3651251C-5BE3-49D5-ACE3-9923CC36F44B}.Release|iPhone.ActiveCfg = Release|iPhone
		{3651251C-5BE3-49D5-ACE3-9923CC36F44B}.Release|iPhone.Build.0 = Release|iPhone
		{3651251C-5BE3-49D5-ACE3-9923CC36F44B}.Ad-Hoc|iPhone.ActiveCfg = Ad-Hoc|iPhone
		{3651251C-5BE3-49D5-ACE3-9923CC36F44B}.Ad-Hoc|iPhone.Build.0 = Ad-Hoc|iPhone
		{3651251C-5BE3-49D5-ACE3-9923CC36F44B}.AppStore|iPhone.ActiveCfg = AppStore|iPhone
		{3651251C-5BE3-49D5-ACE3-9923CC36F44B}.AppStore|iPhone.Build.0 = AppStore|iPhone
		{90C4B947-948A-4416-9829-C3CFD9BA530B}.Debug|Any CPU.ActiveCfg = Debug|Any CPU
		{90C4B947-948A-4416-9829-C3CFD9BA530B}.Debug|Any CPU.Build.0 = Debug|Any CPU
		{90C4B947-948A-4416-9829-C3CFD9BA530B}.Release|Any CPU.ActiveCfg = Release|Any CPU
		{90C4B947-948A-4416-9829-C3CFD9BA530B}.Release|Any CPU.Build.0 = Release|Any CPU
		{90C4B947-948A-4416-9829-C3CFD9BA530B}.Debug|iPhoneSimulator.ActiveCfg = Debug|Any CPU
		{90C4B947-948A-4416-9829-C3CFD9BA530B}.Debug|iPhoneSimulator.Build.0 = Debug|Any CPU
		{90C4B947-948A-4416-9829-C3CFD9BA530B}.Release|iPhoneSimulator.ActiveCfg = Release|Any CPU
		{90C4B947-948A-4416-9829-C3CFD9BA530B}.Release|iPhoneSimulator.Build.0 = Release|Any CPU
		{90C4B947-948A-4416-9829-C3CFD9BA530B}.Debug|iPhone.ActiveCfg = Debug|Any CPU
		{90C4B947-948A-4416-9829-C3CFD9BA530B}.Debug|iPhone.Build.0 = Debug|Any CPU
		{90C4B947-948A-4416-9829-C3CFD9BA530B}.Release|iPhone.ActiveCfg = Release|Any CPU
		{90C4B947-948A-4416-9829-C3CFD9BA530B}.Release|iPhone.Build.0 = Release|Any CPU
		{90C4B947-948A-4416-9829-C3CFD9BA530B}.Ad-Hoc|iPhone.ActiveCfg = Debug|Any CPU
		{90C4B947-948A-4416-9829-C3CFD9BA530B}.Ad-Hoc|iPhone.Build.0 = Debug|Any CPU
		{90C4B947-948A-4416-9829-C3CFD9BA530B}.AppStore|iPhone.ActiveCfg = Debug|Any CPU
		{90C4B947-948A-4416-9829-C3CFD9BA530B}.AppStore|iPhone.Build.0 = Debug|Any CPU
	EndGlobalSection
EndGlobal
